// !$*UTF8*$!
{
	archiveVersion = 1;
	classes = {
	};
	objectVersion = 46;
	objects = {

/* Begin PBXBuildFile section */
		5302BE5F1961B44800B48C7A /* Squidward Mind Control.jpg in Resources */ = {isa = PBXBuildFile; fileRef = 5302BE5E1961B44800B48C7A /* Squidward Mind Control.jpg */; };
		5302BE611961B4FF00B48C7A /* Sea Rhinoceros.jpeg in Resources */ = {isa = PBXBuildFile; fileRef = 5302BE601961B4FF00B48C7A /* Sea Rhinoceros.jpeg */; };
		5302BE631961B61000B48C7A /* Spongebob Parents.jpg in Resources */ = {isa = PBXBuildFile; fileRef = 5302BE621961B61000B48C7A /* Spongebob Parents.jpg */; };
		5302BE651961B71B00B48C7A /* Sandy Karate.jpg in Resources */ = {isa = PBXBuildFile; fileRef = 5302BE641961B71B00B48C7A /* Sandy Karate.jpg */; };
		5302BE671961B9A100B48C7A /* Patrick Jellyfish Net.jpg in Resources */ = {isa = PBXBuildFile; fileRef = 5302BE661961B9A100B48C7A /* Patrick Jellyfish Net.jpg */; };
		53084BE0195FE9CF00A20251 /* Spongebob Intro.jpg in Resources */ = {isa = PBXBuildFile; fileRef = 53084BDF195FE9CF00A20251 /* Spongebob Intro.jpg */; };
		53084BE2196037E600A20251 /* Goofy Goober.jpg in Resources */ = {isa = PBXBuildFile; fileRef = 53084BE1196037E600A20251 /* Goofy Goober.jpg */; };
		538562A0195ED269007432B3 /* BPTile.m in Sources */ = {isa = PBXBuildFile; fileRef = 5385629F195ED269007432B3 /* BPTile.m */; };
		538562A3195ED666007432B3 /* BPItem.m in Sources */ = {isa = PBXBuildFile; fileRef = 538562A2195ED666007432B3 /* BPItem.m */; };
		538562A6195ED6BD007432B3 /* BPWeapon.m in Sources */ = {isa = PBXBuildFile; fileRef = 538562A5195ED6BD007432B3 /* BPWeapon.m */; };
		538562A9195ED6FF007432B3 /* BPArmor.m in Sources */ = {isa = PBXBuildFile; fileRef = 538562A8195ED6FF007432B3 /* BPArmor.m */; };
		538562AC195ED86A007432B3 /* BPCharacter.m in Sources */ = {isa = PBXBuildFile; fileRef = 538562AB195ED86A007432B3 /* BPCharacter.m */; };
		538562AF195EDAF5007432B3 /* BPTileFactory.m in Sources */ = {isa = PBXBuildFile; fileRef = 538562AE195EDAF5007432B3 /* BPTileFactory.m */; };
		538562B2195F1BFF007432B3 /* BPUtility.m in Sources */ = {isa = PBXBuildFile; fileRef = 538562B1195F1BFF007432B3 /* BPUtility.m */; };
		53909C301955CF7300EA86B2 /* Foundation.framework in Frameworks */ = {isa = PBXBuildFile; fileRef = 53909C2F1955CF7300EA86B2 /* Foundation.framework */; };
		53909C321955CF7300EA86B2 /* CoreGraphics.framework in Frameworks */ = {isa = PBXBuildFile; fileRef = 53909C311955CF7300EA86B2 /* CoreGraphics.framework */; };
		53909C341955CF7300EA86B2 /* UIKit.framework in Frameworks */ = {isa = PBXBuildFile; fileRef = 53909C331955CF7300EA86B2 /* UIKit.framework */; };
		53909C3A1955CF7300EA86B2 /* InfoPlist.strings in Resources */ = {isa = PBXBuildFile; fileRef = 53909C381955CF7300EA86B2 /* InfoPlist.strings */; };
		53909C3C1955CF7300EA86B2 /* main.m in Sources */ = {isa = PBXBuildFile; fileRef = 53909C3B1955CF7300EA86B2 /* main.m */; };
		53909C401955CF7300EA86B2 /* BPAppDelegate.m in Sources */ = {isa = PBXBuildFile; fileRef = 53909C3F1955CF7300EA86B2 /* BPAppDelegate.m */; };
		53909C431955CF7300EA86B2 /* Main.storyboard in Resources */ = {isa = PBXBuildFile; fileRef = 53909C411955CF7300EA86B2 /* Main.storyboard */; };
		53909C461955CF7300EA86B2 /* BPViewController.m in Sources */ = {isa = PBXBuildFile; fileRef = 53909C451955CF7300EA86B2 /* BPViewController.m */; };
		53909C481955CF7300EA86B2 /* Images.xcassets in Resources */ = {isa = PBXBuildFile; fileRef = 53909C471955CF7300EA86B2 /* Images.xcassets */; };
		53909C4F1955CF7400EA86B2 /* XCTest.framework in Frameworks */ = {isa = PBXBuildFile; fileRef = 53909C4E1955CF7400EA86B2 /* XCTest.framework */; };
		53909C501955CF7400EA86B2 /* Foundation.framework in Frameworks */ = {isa = PBXBuildFile; fileRef = 53909C2F1955CF7300EA86B2 /* Foundation.framework */; };
		53909C511955CF7400EA86B2 /* UIKit.framework in Frameworks */ = {isa = PBXBuildFile; fileRef = 53909C331955CF7300EA86B2 /* UIKit.framework */; };
		53909C591955CF7400EA86B2 /* InfoPlist.strings in Resources */ = {isa = PBXBuildFile; fileRef = 53909C571955CF7400EA86B2 /* InfoPlist.strings */; };
		53909C5B1955CF7400EA86B2 /* Spongebob_McPiratepantsTests.m in Sources */ = {isa = PBXBuildFile; fileRef = 53909C5A1955CF7400EA86B2 /* Spongebob_McPiratepantsTests.m */; };
		53AF969419642DFF009909A8 /* Dennis Enemy.png in Resources */ = {isa = PBXBuildFile; fileRef = 53AF969319642DFF009909A8 /* Dennis Enemy.png */; };
		53AF969619642F25009909A8 /* Mindy.jpg in Resources */ = {isa = PBXBuildFile; fileRef = 53AF969519642F25009909A8 /* Mindy.jpg */; };
		53AF969819642FBE009909A8 /* Squilliam Fancyson.jpg in Resources */ = {isa = PBXBuildFile; fileRef = 53AF969719642FBE009909A8 /* Squilliam Fancyson.jpg */; };
		53AF969A1964306E009909A8 /* Band Uniform.jpg in Resources */ = {isa = PBXBuildFile; fileRef = 53AF96991964306E009909A8 /* Band Uniform.jpg */; };
		53AF969C196436D1009909A8 /* David Hasselhoff.jpg in Resources */ = {isa = PBXBuildFile; fileRef = 53AF969B196436D1009909A8 /* David Hasselhoff.jpg */; };
		53AF969E196437B7009909A8 /* Shell City.jpg in Resources */ = {isa = PBXBuildFile; fileRef = 53AF969D196437B7009909A8 /* Shell City.jpg */; };
		53AF96A0196443C0009909A8 /* Spongebob.jpg in Resources */ = {isa = PBXBuildFile; fileRef = 53AF969F196443C0009909A8 /* Spongebob.jpg */; };
		53AF96A21964452C009909A8 /* Plankton Boss.png in Resources */ = {isa = PBXBuildFile; fileRef = 53AF96A11964452C009909A8 /* Plankton Boss.png */; };
/* End PBXBuildFile section */

/* Begin PBXContainerItemProxy section */
		53909C521955CF7400EA86B2 /* PBXContainerItemProxy */ = {
			isa = PBXContainerItemProxy;
			containerPortal = 53909C241955CF7300EA86B2 /* Project object */;
			proxyType = 1;
			remoteGlobalIDString = 53909C2B1955CF7300EA86B2;
			remoteInfo = "Spongebob McPiratepants";
		};
/* End PBXContainerItemProxy section */

/* Begin PBXFileReference section */
		5302BE5E1961B44800B48C7A /* Squidward Mind Control.jpg */ = {isa = PBXFileReference; lastKnownFileType = image.jpeg; path = "Squidward Mind Control.jpg"; sourceTree = "<group>"; };
		5302BE601961B4FF00B48C7A /* Sea Rhinoceros.jpeg */ = {isa = PBXFileReference; lastKnownFileType = image.jpeg; path = "Sea Rhinoceros.jpeg"; sourceTree = "<group>"; };
		5302BE621961B61000B48C7A /* Spongebob Parents.jpg */ = {isa = PBXFileReference; lastKnownFileType = image.jpeg; path = "Spongebob Parents.jpg"; sourceTree = "<group>"; };
		5302BE641961B71B00B48C7A /* Sandy Karate.jpg */ = {isa = PBXFileReference; lastKnownFileType = image.jpeg; path = "Sandy Karate.jpg"; sourceTree = "<group>"; };
		5302BE661961B9A100B48C7A /* Patrick Jellyfish Net.jpg */ = {isa = PBXFileReference; lastKnownFileType = image.jpeg; path = "Patrick Jellyfish Net.jpg"; sourceTree = "<group>"; };
		53084BDF195FE9CF00A20251 /* Spongebob Intro.jpg */ = {isa = PBXFileReference; lastKnownFileType = image.jpeg; path = "Spongebob Intro.jpg"; sourceTree = "<group>"; };
		53084BE1196037E600A20251 /* Goofy Goober.jpg */ = {isa = PBXFileReference; lastKnownFileType = image.jpeg; path = "Goofy Goober.jpg"; sourceTree = "<group>"; };
		5385629E195ED269007432B3 /* BPTile.h */ = {isa = PBXFileReference; fileEncoding = 4; lastKnownFileType = sourcecode.c.h; path = BPTile.h; sourceTree = "<group>"; };
		5385629F195ED269007432B3 /* BPTile.m */ = {isa = PBXFileReference; fileEncoding = 4; lastKnownFileType = sourcecode.c.objc; path = BPTile.m; sourceTree = "<group>"; };
		538562A1195ED666007432B3 /* BPItem.h */ = {isa = PBXFileReference; fileEncoding = 4; lastKnownFileType = sourcecode.c.h; path = BPItem.h; sourceTree = "<group>"; };
		538562A2195ED666007432B3 /* BPItem.m */ = {isa = PBXFileReference; fileEncoding = 4; lastKnownFileType = sourcecode.c.objc; path = BPItem.m; sourceTree = "<group>"; };
		538562A4195ED6BD007432B3 /* BPWeapon.h */ = {isa = PBXFileReference; fileEncoding = 4; lastKnownFileType = sourcecode.c.h; path = BPWeapon.h; sourceTree = "<group>"; };
		538562A5195ED6BD007432B3 /* BPWeapon.m */ = {isa = PBXFileReference; fileEncoding = 4; lastKnownFileType = sourcecode.c.objc; path = BPWeapon.m; sourceTree = "<group>"; };
		538562A7195ED6FF007432B3 /* BPArmor.h */ = {isa = PBXFileReference; fileEncoding = 4; lastKnownFileType = sourcecode.c.h; path = BPArmor.h; sourceTree = "<group>"; };
		538562A8195ED6FF007432B3 /* BPArmor.m */ = {isa = PBXFileReference; fileEncoding = 4; lastKnownFileType = sourcecode.c.objc; path = BPArmor.m; sourceTree = "<group>"; };
		538562AA195ED86A007432B3 /* BPCharacter.h */ = {isa = PBXFileReference; fileEncoding = 4; lastKnownFileType = sourcecode.c.h; path = BPCharacter.h; sourceTree = "<group>"; };
		538562AB195ED86A007432B3 /* BPCharacter.m */ = {isa = PBXFileReference; fileEncoding = 4; lastKnownFileType = sourcecode.c.objc; path = BPCharacter.m; sourceTree = "<group>"; };
		538562AD195EDAF5007432B3 /* BPTileFactory.h */ = {isa = PBXFileReference; fileEncoding = 4; lastKnownFileType = sourcecode.c.h; path = BPTileFactory.h; sourceTree = "<group>"; };
		538562AE195EDAF5007432B3 /* BPTileFactory.m */ = {isa = PBXFileReference; fileEncoding = 4; lastKnownFileType = sourcecode.c.objc; path = BPTileFactory.m; sourceTree = "<group>"; };
		538562B0195F1BFF007432B3 /* BPUtility.h */ = {isa = PBXFileReference; fileEncoding = 4; lastKnownFileType = sourcecode.c.h; path = BPUtility.h; sourceTree = "<group>"; };
		538562B1195F1BFF007432B3 /* BPUtility.m */ = {isa = PBXFileReference; fileEncoding = 4; lastKnownFileType = sourcecode.c.objc; path = BPUtility.m; sourceTree = "<group>"; };
		53909C2C1955CF7300EA86B2 /* Spongebob McPiratepants.app */ = {isa = PBXFileReference; explicitFileType = wrapper.application; includeInIndex = 0; path = "Spongebob McPiratepants.app"; sourceTree = BUILT_PRODUCTS_DIR; };
		53909C2F1955CF7300EA86B2 /* Foundation.framework */ = {isa = PBXFileReference; lastKnownFileType = wrapper.framework; name = Foundation.framework; path = System/Library/Frameworks/Foundation.framework; sourceTree = SDKROOT; };
		53909C311955CF7300EA86B2 /* CoreGraphics.framework */ = {isa = PBXFileReference; lastKnownFileType = wrapper.framework; name = CoreGraphics.framework; path = System/Library/Frameworks/CoreGraphics.framework; sourceTree = SDKROOT; };
		53909C331955CF7300EA86B2 /* UIKit.framework */ = {isa = PBXFileReference; lastKnownFileType = wrapper.framework; name = UIKit.framework; path = System/Library/Frameworks/UIKit.framework; sourceTree = SDKROOT; };
		53909C371955CF7300EA86B2 /* Spongebob McPiratepants-Info.plist */ = {isa = PBXFileReference; lastKnownFileType = text.plist.xml; path = "Spongebob McPiratepants-Info.plist"; sourceTree = "<group>"; };
		53909C391955CF7300EA86B2 /* en */ = {isa = PBXFileReference; lastKnownFileType = text.plist.strings; name = en; path = en.lproj/InfoPlist.strings; sourceTree = "<group>"; };
		53909C3B1955CF7300EA86B2 /* main.m */ = {isa = PBXFileReference; lastKnownFileType = sourcecode.c.objc; path = main.m; sourceTree = "<group>"; };
		53909C3D1955CF7300EA86B2 /* Spongebob McPiratepants-Prefix.pch */ = {isa = PBXFileReference; lastKnownFileType = sourcecode.c.h; path = "Spongebob McPiratepants-Prefix.pch"; sourceTree = "<group>"; };
		53909C3E1955CF7300EA86B2 /* BPAppDelegate.h */ = {isa = PBXFileReference; lastKnownFileType = sourcecode.c.h; path = BPAppDelegate.h; sourceTree = "<group>"; };
		53909C3F1955CF7300EA86B2 /* BPAppDelegate.m */ = {isa = PBXFileReference; lastKnownFileType = sourcecode.c.objc; path = BPAppDelegate.m; sourceTree = "<group>"; };
		53909C421955CF7300EA86B2 /* Base */ = {isa = PBXFileReference; lastKnownFileType = file.storyboard; name = Base; path = Base.lproj/Main.storyboard; sourceTree = "<group>"; };
		53909C441955CF7300EA86B2 /* BPViewController.h */ = {isa = PBXFileReference; lastKnownFileType = sourcecode.c.h; path = BPViewController.h; sourceTree = "<group>"; };
		53909C451955CF7300EA86B2 /* BPViewController.m */ = {isa = PBXFileReference; lastKnownFileType = sourcecode.c.objc; path = BPViewController.m; sourceTree = "<group>"; };
		53909C471955CF7300EA86B2 /* Images.xcassets */ = {isa = PBXFileReference; lastKnownFileType = folder.assetcatalog; path = Images.xcassets; sourceTree = "<group>"; };
		53909C4D1955CF7400EA86B2 /* Spongebob McPiratepantsTests.xctest */ = {isa = PBXFileReference; explicitFileType = wrapper.cfbundle; includeInIndex = 0; path = "Spongebob McPiratepantsTests.xctest"; sourceTree = BUILT_PRODUCTS_DIR; };
		53909C4E1955CF7400EA86B2 /* XCTest.framework */ = {isa = PBXFileReference; lastKnownFileType = wrapper.framework; name = XCTest.framework; path = Library/Frameworks/XCTest.framework; sourceTree = DEVELOPER_DIR; };
		53909C561955CF7400EA86B2 /* Spongebob McPiratepantsTests-Info.plist */ = {isa = PBXFileReference; lastKnownFileType = text.plist.xml; path = "Spongebob McPiratepantsTests-Info.plist"; sourceTree = "<group>"; };
		53909C581955CF7400EA86B2 /* en */ = {isa = PBXFileReference; lastKnownFileType = text.plist.strings; name = en; path = en.lproj/InfoPlist.strings; sourceTree = "<group>"; };
		53909C5A1955CF7400EA86B2 /* Spongebob_McPiratepantsTests.m */ = {isa = PBXFileReference; lastKnownFileType = sourcecode.c.objc; path = Spongebob_McPiratepantsTests.m; sourceTree = "<group>"; };
		53AF969319642DFF009909A8 /* Dennis Enemy.png */ = {isa = PBXFileReference; lastKnownFileType = image.png; path = "Dennis Enemy.png"; sourceTree = "<group>"; };
		53AF969519642F25009909A8 /* Mindy.jpg */ = {isa = PBXFileReference; lastKnownFileType = image.jpeg; path = Mindy.jpg; sourceTree = "<group>"; };
		53AF969719642FBE009909A8 /* Squilliam Fancyson.jpg */ = {isa = PBXFileReference; lastKnownFileType = image.jpeg; path = "Squilliam Fancyson.jpg"; sourceTree = "<group>"; };
		53AF96991964306E009909A8 /* Band Uniform.jpg */ = {isa = PBXFileReference; lastKnownFileType = image.jpeg; path = "Band Uniform.jpg"; sourceTree = "<group>"; };
		53AF969B196436D1009909A8 /* David Hasselhoff.jpg */ = {isa = PBXFileReference; lastKnownFileType = image.jpeg; path = "David Hasselhoff.jpg"; sourceTree = "<group>"; };
		53AF969D196437B7009909A8 /* Shell City.jpg */ = {isa = PBXFileReference; lastKnownFileType = image.jpeg; path = "Shell City.jpg"; sourceTree = "<group>"; };
		53AF969F196443C0009909A8 /* Spongebob.jpg */ = {isa = PBXFileReference; lastKnownFileType = image.jpeg; path = Spongebob.jpg; sourceTree = "<group>"; };
		53AF96A11964452C009909A8 /* Plankton Boss.png */ = {isa = PBXFileReference; lastKnownFileType = image.png; path = "Plankton Boss.png"; sourceTree = "<group>"; };
/* End PBXFileReference section */

/* Begin PBXFrameworksBuildPhase section */
		53909C291955CF7300EA86B2 /* Frameworks */ = {
			isa = PBXFrameworksBuildPhase;
			buildActionMask = 2147483647;
			files = (
				53909C321955CF7300EA86B2 /* CoreGraphics.framework in Frameworks */,
				53909C341955CF7300EA86B2 /* UIKit.framework in Frameworks */,
				53909C301955CF7300EA86B2 /* Foundation.framework in Frameworks */,
			);
			runOnlyForDeploymentPostprocessing = 0;
		};
		53909C4A1955CF7400EA86B2 /* Frameworks */ = {
			isa = PBXFrameworksBuildPhase;
			buildActionMask = 2147483647;
			files = (
				53909C4F1955CF7400EA86B2 /* XCTest.framework in Frameworks */,
				53909C511955CF7400EA86B2 /* UIKit.framework in Frameworks */,
				53909C501955CF7400EA86B2 /* Foundation.framework in Frameworks */,
			);
			runOnlyForDeploymentPostprocessing = 0;
		};
/* End PBXFrameworksBuildPhase section */

/* Begin PBXGroup section */
		53909C231955CF7300EA86B2 = {
			isa = PBXGroup;
			children = (
				53909C351955CF7300EA86B2 /* Spongebob McPiratepants */,
				53909C541955CF7400EA86B2 /* Spongebob McPiratepantsTests */,
				53909C2E1955CF7300EA86B2 /* Frameworks */,
				53909C2D1955CF7300EA86B2 /* Products */,
			);
			sourceTree = "<group>";
		};
		53909C2D1955CF7300EA86B2 /* Products */ = {
			isa = PBXGroup;
			children = (
				53909C2C1955CF7300EA86B2 /* Spongebob McPiratepants.app */,
				53909C4D1955CF7400EA86B2 /* Spongebob McPiratepantsTests.xctest */,
			);
			name = Products;
			sourceTree = "<group>";
		};
		53909C2E1955CF7300EA86B2 /* Frameworks */ = {
			isa = PBXGroup;
			children = (
				53909C2F1955CF7300EA86B2 /* Foundation.framework */,
				53909C311955CF7300EA86B2 /* CoreGraphics.framework */,
				53909C331955CF7300EA86B2 /* UIKit.framework */,
				53909C4E1955CF7400EA86B2 /* XCTest.framework */,
			);
			name = Frameworks;
			sourceTree = "<group>";
		};
		53909C351955CF7300EA86B2 /* Spongebob McPiratepants */ = {
			isa = PBXGroup;
			children = (
				53909C3E1955CF7300EA86B2 /* BPAppDelegate.h */,
				53909C3F1955CF7300EA86B2 /* BPAppDelegate.m */,
				53909C411955CF7300EA86B2 /* Main.storyboard */,
				53909C441955CF7300EA86B2 /* BPViewController.h */,
				53909C451955CF7300EA86B2 /* BPViewController.m */,
				5385629E195ED269007432B3 /* BPTile.h */,
				5385629F195ED269007432B3 /* BPTile.m */,
				538562A1195ED666007432B3 /* BPItem.h */,
				538562A2195ED666007432B3 /* BPItem.m */,
				538562A4195ED6BD007432B3 /* BPWeapon.h */,
				538562A5195ED6BD007432B3 /* BPWeapon.m */,
				538562A7195ED6FF007432B3 /* BPArmor.h */,
				538562A8195ED6FF007432B3 /* BPArmor.m */,
				538562AA195ED86A007432B3 /* BPCharacter.h */,
				538562AB195ED86A007432B3 /* BPCharacter.m */,
				538562AD195EDAF5007432B3 /* BPTileFactory.h */,
				538562AE195EDAF5007432B3 /* BPTileFactory.m */,
				538562B0195F1BFF007432B3 /* BPUtility.h */,
				538562B1195F1BFF007432B3 /* BPUtility.m */,
				53909C471955CF7300EA86B2 /* Images.xcassets */,
				53909C361955CF7300EA86B2 /* Supporting Files */,
			);
			path = "Spongebob McPiratepants";
			sourceTree = "<group>";
		};
		53909C361955CF7300EA86B2 /* Supporting Files */ = {
			isa = PBXGroup;
			children = (
				53AF96A11964452C009909A8 /* Plankton Boss.png */,
				53AF969F196443C0009909A8 /* Spongebob.jpg */,
				53AF969D196437B7009909A8 /* Shell City.jpg */,
				53AF969B196436D1009909A8 /* David Hasselhoff.jpg */,
				53AF96991964306E009909A8 /* Band Uniform.jpg */,
				53AF969719642FBE009909A8 /* Squilliam Fancyson.jpg */,
				53AF969519642F25009909A8 /* Mindy.jpg */,
				53AF969319642DFF009909A8 /* Dennis Enemy.png */,
				5302BE661961B9A100B48C7A /* Patrick Jellyfish Net.jpg */,
				5302BE641961B71B00B48C7A /* Sandy Karate.jpg */,
				5302BE621961B61000B48C7A /* Spongebob Parents.jpg */,
				5302BE601961B4FF00B48C7A /* Sea Rhinoceros.jpeg */,
				53084BE1196037E600A20251 /* Goofy Goober.jpg */,
				53084BDF195FE9CF00A20251 /* Spongebob Intro.jpg */,
				5302BE5E1961B44800B48C7A /* Squidward Mind Control.jpg */,
				53909C371955CF7300EA86B2 /* Spongebob McPiratepants-Info.plist */,
				53909C381955CF7300EA86B2 /* InfoPlist.strings */,
				53909C3B1955CF7300EA86B2 /* main.m */,
				53909C3D1955CF7300EA86B2 /* Spongebob McPiratepants-Prefix.pch */,
			);
			name = "Supporting Files";
			sourceTree = "<group>";
		};
		53909C541955CF7400EA86B2 /* Spongebob McPiratepantsTests */ = {
			isa = PBXGroup;
			children = (
				53909C5A1955CF7400EA86B2 /* Spongebob_McPiratepantsTests.m */,
				53909C551955CF7400EA86B2 /* Supporting Files */,
			);
			path = "Spongebob McPiratepantsTests";
			sourceTree = "<group>";
		};
		53909C551955CF7400EA86B2 /* Supporting Files */ = {
			isa = PBXGroup;
			children = (
				53909C561955CF7400EA86B2 /* Spongebob McPiratepantsTests-Info.plist */,
				53909C571955CF7400EA86B2 /* InfoPlist.strings */,
			);
			name = "Supporting Files";
			sourceTree = "<group>";
		};
/* End PBXGroup section */

/* Begin PBXNativeTarget section */
		53909C2B1955CF7300EA86B2 /* Spongebob McPiratepants */ = {
			isa = PBXNativeTarget;
			buildConfigurationList = 53909C5E1955CF7400EA86B2 /* Build configuration list for PBXNativeTarget "Spongebob McPiratepants" */;
			buildPhases = (
				53909C281955CF7300EA86B2 /* Sources */,
				53909C291955CF7300EA86B2 /* Frameworks */,
				53909C2A1955CF7300EA86B2 /* Resources */,
			);
			buildRules = (
			);
			dependencies = (
			);
			name = "Spongebob McPiratepants";
			productName = "Spongebob McPiratepants";
			productReference = 53909C2C1955CF7300EA86B2 /* Spongebob McPiratepants.app */;
			productType = "com.apple.product-type.application";
		};
		53909C4C1955CF7400EA86B2 /* Spongebob McPiratepantsTests */ = {
			isa = PBXNativeTarget;
			buildConfigurationList = 53909C611955CF7400EA86B2 /* Build configuration list for PBXNativeTarget "Spongebob McPiratepantsTests" */;
			buildPhases = (
				53909C491955CF7400EA86B2 /* Sources */,
				53909C4A1955CF7400EA86B2 /* Frameworks */,
				53909C4B1955CF7400EA86B2 /* Resources */,
			);
			buildRules = (
			);
			dependencies = (
				53909C531955CF7400EA86B2 /* PBXTargetDependency */,
			);
			name = "Spongebob McPiratepantsTests";
			productName = "Spongebob McPiratepantsTests";
			productReference = 53909C4D1955CF7400EA86B2 /* Spongebob McPiratepantsTests.xctest */;
			productType = "com.apple.product-type.bundle.unit-test";
		};
/* End PBXNativeTarget section */

/* Begin PBXProject section */
		53909C241955CF7300EA86B2 /* Project object */ = {
			isa = PBXProject;
			attributes = {
				CLASSPREFIX = BP;
				LastUpgradeCheck = 0510;
				ORGANIZATIONNAME = "Bunny Productions";
				TargetAttributes = {
					53909C4C1955CF7400EA86B2 = {
						TestTargetID = 53909C2B1955CF7300EA86B2;
					};
				};
			};
			buildConfigurationList = 53909C271955CF7300EA86B2 /* Build configuration list for PBXProject "Spongebob McPiratepants" */;
			compatibilityVersion = "Xcode 3.2";
			developmentRegion = English;
			hasScannedForEncodings = 0;
			knownRegions = (
				en,
				Base,
			);
			mainGroup = 53909C231955CF7300EA86B2;
			productRefGroup = 53909C2D1955CF7300EA86B2 /* Products */;
			projectDirPath = "";
			projectRoot = "";
			targets = (
				53909C2B1955CF7300EA86B2 /* Spongebob McPiratepants */,
				53909C4C1955CF7400EA86B2 /* Spongebob McPiratepantsTests */,
			);
		};
/* End PBXProject section */

/* Begin PBXResourcesBuildPhase section */
		53909C2A1955CF7300EA86B2 /* Resources */ = {
			isa = PBXResourcesBuildPhase;
			buildActionMask = 2147483647;
			files = (
				5302BE631961B61000B48C7A /* Spongebob Parents.jpg in Resources */,
				53909C481955CF7300EA86B2 /* Images.xcassets in Resources */,
				5302BE611961B4FF00B48C7A /* Sea Rhinoceros.jpeg in Resources */,
				53AF969819642FBE009909A8 /* Squilliam Fancyson.jpg in Resources */,
				53084BE0195FE9CF00A20251 /* Spongebob Intro.jpg in Resources */,
				5302BE5F1961B44800B48C7A /* Squidward Mind Control.jpg in Resources */,
				53909C3A1955CF7300EA86B2 /* InfoPlist.strings in Resources */,
				53AF969C196436D1009909A8 /* David Hasselhoff.jpg in Resources */,
				53AF96A21964452C009909A8 /* Plankton Boss.png in Resources */,
				53AF96A0196443C0009909A8 /* Spongebob.jpg in Resources */,
				53909C431955CF7300EA86B2 /* Main.storyboard in Resources */,
				53AF969A1964306E009909A8 /* Band Uniform.jpg in Resources */,
				53084BE2196037E600A20251 /* Goofy Goober.jpg in Resources */,
				53AF969419642DFF009909A8 /* Dennis Enemy.png in Resources */,
				53AF969619642F25009909A8 /* Mindy.jpg in Resources */,
				5302BE651961B71B00B48C7A /* Sandy Karate.jpg in Resources */,
				53AF969E196437B7009909A8 /* Shell City.jpg in Resources */,
				5302BE671961B9A100B48C7A /* Patrick Jellyfish Net.jpg in Resources */,
			);
			runOnlyForDeploymentPostprocessing = 0;
		};
		53909C4B1955CF7400EA86B2 /* Resources */ = {
			isa = PBXResourcesBuildPhase;
			buildActionMask = 2147483647;
			files = (
				53909C591955CF7400EA86B2 /* InfoPlist.strings in Resources */,
			);
			runOnlyForDeploymentPostprocessing = 0;
		};
/* End PBXResourcesBuildPhase section */

/* Begin PBXSourcesBuildPhase section */
		53909C281955CF7300EA86B2 /* Sources */ = {
			isa = PBXSourcesBuildPhase;
			buildActionMask = 2147483647;
			files = (
				538562AF195EDAF5007432B3 /* BPTileFactory.m in Sources */,
				53909C461955CF7300EA86B2 /* BPViewController.m in Sources */,
				53909C401955CF7300EA86B2 /* BPAppDelegate.m in Sources */,
				538562A9195ED6FF007432B3 /* BPArmor.m in Sources */,
				53909C3C1955CF7300EA86B2 /* main.m in Sources */,
				538562A0195ED269007432B3 /* BPTile.m in Sources */,
				538562A3195ED666007432B3 /* BPItem.m in Sources */,
				538562A6195ED6BD007432B3 /* BPWeapon.m in Sources */,
				538562B2195F1BFF007432B3 /* BPUtility.m in Sources */,
				538562AC195ED86A007432B3 /* BPCharacter.m in Sources */,
			);
			runOnlyForDeploymentPostprocessing = 0;
		};
		53909C491955CF7400EA86B2 /* Sources */ = {
			isa = PBXSourcesBuildPhase;
			buildActionMask = 2147483647;
			files = (
				53909C5B1955CF7400EA86B2 /* Spongebob_McPiratepantsTests.m in Sources */,
			);
			runOnlyForDeploymentPostprocessing = 0;
		};
/* End PBXSourcesBuildPhase section */

/* Begin PBXTargetDependency section */
		53909C531955CF7400EA86B2 /* PBXTargetDependency */ = {
			isa = PBXTargetDependency;
			target = 53909C2B1955CF7300EA86B2 /* Spongebob McPiratepants */;
			targetProxy = 53909C521955CF7400EA86B2 /* PBXContainerItemProxy */;
		};
/* End PBXTargetDependency section */

/* Begin PBXVariantGroup section */
		53909C381955CF7300EA86B2 /* InfoPlist.strings */ = {
			isa = PBXVariantGroup;
			children = (
				53909C391955CF7300EA86B2 /* en */,
			);
			name = InfoPlist.strings;
			sourceTree = "<group>";
		};
		53909C411955CF7300EA86B2 /* Main.storyboard */ = {
			isa = PBXVariantGroup;
			children = (
				53909C421955CF7300EA86B2 /* Base */,
			);
			name = Main.storyboard;
			sourceTree = "<group>";
		};
		53909C571955CF7400EA86B2 /* InfoPlist.strings */ = {
			isa = PBXVariantGroup;
			children = (
				53909C581955CF7400EA86B2 /* en */,
			);
			name = InfoPlist.strings;
			sourceTree = "<group>";
		};
/* End PBXVariantGroup section */

/* Begin XCBuildConfiguration section */
		53909C5C1955CF7400EA86B2 /* Debug */ = {
			isa = XCBuildConfiguration;
			buildSettings = {
				ALWAYS_SEARCH_USER_PATHS = NO;
				CLANG_CXX_LANGUAGE_STANDARD = "gnu++0x";
				CLANG_CXX_LIBRARY = "libc++";
				CLANG_ENABLE_MODULES = YES;
				CLANG_ENABLE_OBJC_ARC = YES;
				CLANG_WARN_BOOL_CONVERSION = YES;
				CLANG_WARN_CONSTANT_CONVERSION = YES;
				CLANG_WARN_DIRECT_OBJC_ISA_USAGE = YES_ERROR;
				CLANG_WARN_EMPTY_BODY = YES;
				CLANG_WARN_ENUM_CONVERSION = YES;
				CLANG_WARN_INT_CONVERSION = YES;
				CLANG_WARN_OBJC_ROOT_CLASS = YES_ERROR;
				CLANG_WARN__DUPLICATE_METHOD_MATCH = YES;
				"CODE_SIGN_IDENTITY[sdk=iphoneos*]" = "iPhone Developer";
				COPY_PHASE_STRIP = NO;
				GCC_C_LANGUAGE_STANDARD = gnu99;
				GCC_DYNAMIC_NO_PIC = NO;
				GCC_OPTIMIZATION_LEVEL = 0;
				GCC_PREPROCESSOR_DEFINITIONS = (
					"DEBUG=1",
					"$(inherited)",
				);
				GCC_SYMBOLS_PRIVATE_EXTERN = NO;
				GCC_WARN_64_TO_32_BIT_CONVERSION = YES;
				GCC_WARN_ABOUT_RETURN_TYPE = YES_ERROR;
				GCC_WARN_UNDECLARED_SELECTOR = YES;
				GCC_WARN_UNINITIALIZED_AUTOS = YES_AGGRESSIVE;
				GCC_WARN_UNUSED_FUNCTION = YES;
				GCC_WARN_UNUSED_VARIABLE = YES;
				IPHONEOS_DEPLOYMENT_TARGET = 7.1;
				ONLY_ACTIVE_ARCH = YES;
				SDKROOT = iphoneos;
			};
			name = Debug;
		};
		53909C5D1955CF7400EA86B2 /* Release */ = {
			isa = XCBuildConfiguration;
			buildSettings = {
				ALWAYS_SEARCH_USER_PATHS = NO;
				CLANG_CXX_LANGUAGE_STANDARD = "gnu++0x";
				CLANG_CXX_LIBRARY = "libc++";
				CLANG_ENABLE_MODULES = YES;
				CLANG_ENABLE_OBJC_ARC = YES;
				CLANG_WARN_BOOL_CONVERSION = YES;
				CLANG_WARN_CONSTANT_CONVERSION = YES;
				CLANG_WARN_DIRECT_OBJC_ISA_USAGE = YES_ERROR;
				CLANG_WARN_EMPTY_BODY = YES;
				CLANG_WARN_ENUM_CONVERSION = YES;
				CLANG_WARN_INT_CONVERSION = YES;
				CLANG_WARN_OBJC_ROOT_CLASS = YES_ERROR;
				CLANG_WARN__DUPLICATE_METHOD_MATCH = YES;
				"CODE_SIGN_IDENTITY[sdk=iphoneos*]" = "iPhone Developer";
				COPY_PHASE_STRIP = YES;
				ENABLE_NS_ASSERTIONS = NO;
				GCC_C_LANGUAGE_STANDARD = gnu99;
				GCC_WARN_64_TO_32_BIT_CONVERSION = YES;
				GCC_WARN_ABOUT_RETURN_TYPE = YES_ERROR;
				GCC_WARN_UNDECLARED_SELECTOR = YES;
				GCC_WARN_UNINITIALIZED_AUTOS = YES_AGGRESSIVE;
				GCC_WARN_UNUSED_FUNCTION = YES;
				GCC_WARN_UNUSED_VARIABLE = YES;
				IPHONEOS_DEPLOYMENT_TARGET = 7.1;
				SDKROOT = iphoneos;
				VALIDATE_PRODUCT = YES;
			};
			name = Release;
		};
		53909C5F1955CF7400EA86B2 /* Debug */ = {
			isa = XCBuildConfiguration;
			buildSettings = {
				ASSETCATALOG_COMPILER_APPICON_NAME = AppIcon;
				ASSETCATALOG_COMPILER_LAUNCHIMAGE_NAME = LaunchImage;
				GCC_PRECOMPILE_PREFIX_HEADER = YES;
				GCC_PREFIX_HEADER = "Spongebob McPiratepants/Spongebob McPiratepants-Prefix.pch";
				INFOPLIST_FILE = "Spongebob McPiratepants/Spongebob McPiratepants-Info.plist";
				PRODUCT_NAME = "$(TARGET_NAME)";
				WRAPPER_EXTENSION = app;
			};
			name = Debug;
		};
		53909C601955CF7400EA86B2 /* Release */ = {
			isa = XCBuildConfiguration;
			buildSettings = {
				ASSETCATALOG_COMPILER_APPICON_NAME = AppIcon;
				ASSETCATALOG_COMPILER_LAUNCHIMAGE_NAME = LaunchImage;
				GCC_PRECOMPILE_PREFIX_HEADER = YES;
				GCC_PREFIX_HEADER = "Spongebob McPiratepants/Spongebob McPiratepants-Prefix.pch";
				INFOPLIST_FILE = "Spongebob McPiratepants/Spongebob McPiratepants-Info.plist";
				PRODUCT_NAME = "$(TARGET_NAME)";
				WRAPPER_EXTENSION = app;
			};
			name = Release;
		};
		53909C621955CF7400EA86B2 /* Debug */ = {
			isa = XCBuildConfiguration;
			buildSettings = {
				BUNDLE_LOADER = "$(BUILT_PRODUCTS_DIR)/Spongebob McPiratepants.app/Spongebob McPiratepants";
				FRAMEWORK_SEARCH_PATHS = (
					"$(SDKROOT)/Developer/Library/Frameworks",
					"$(inherited)",
					"$(DEVELOPER_FRAMEWORKS_DIR)",
				);
				GCC_PRECOMPILE_PREFIX_HEADER = YES;
				GCC_PREFIX_HEADER = "Spongebob McPiratepants/Spongebob McPiratepants-Prefix.pch";
				GCC_PREPROCESSOR_DEFINITIONS = (
					"DEBUG=1",
					"$(inherited)",
				);
				INFOPLIST_FILE = "Spongebob McPiratepantsTests/Spongebob McPiratepantsTests-Info.plist";
				PRODUCT_NAME = "$(TARGET_NAME)";
				TEST_HOST = "$(BUNDLE_LOADER)";
				WRAPPER_EXTENSION = xctest;
			};
			name = Debug;
		};
		53909C631955CF7400EA86B2 /* Release */ = {
			isa = XCBuildConfiguration;
			buildSettings = {
				BUNDLE_LOADER = "$(BUILT_PRODUCTS_DIR)/Spongebob McPiratepants.app/Spongebob McPiratepants";
				FRAMEWORK_SEARCH_PATHS = (
					"$(SDKROOT)/Developer/Library/Frameworks",
					"$(inherited)",
					"$(DEVELOPER_FRAMEWORKS_DIR)",
				);
				GCC_PRECOMPILE_PREFIX_HEADER = YES;
				GCC_PREFIX_HEADER = "Spongebob McPiratepants/Spongebob McPiratepants-Prefix.pch";
				INFOPLIST_FILE = "Spongebob McPiratepantsTests/Spongebob McPiratepantsTests-Info.plist";
				PRODUCT_NAME = "$(TARGET_NAME)";
				TEST_HOST = "$(BUNDLE_LOADER)";
				WRAPPER_EXTENSION = xctest;
			};
			name = Release;
		};
/* End XCBuildConfiguration section */

/* Begin XCConfigurationList section */
		53909C271955CF7300EA86B2 /* Build configuration list for PBXProject "Spongebob McPiratepants" */ = {
			isa = XCConfigurationList;
			buildConfigurations = (
				53909C5C1955CF7400EA86B2 /* Debug */,
				53909C5D1955CF7400EA86B2 /* Release */,
			);
			defaultConfigurationIsVisible = 0;
			defaultConfigurationName = Release;
		};
		53909C5E1955CF7400EA86B2 /* Build configuration list for PBXNativeTarget "Spongebob McPiratepants" */ = {
			isa = XCConfigurationList;
			buildConfigurations = (
				53909C5F1955CF7400EA86B2 /* Debug */,
				53909C601955CF7400EA86B2 /* Release */,
			);
			defaultConfigurationIsVisible = 0;
			defaultConfigurationName = Release;
		};
		53909C611955CF7400EA86B2 /* Build configuration list for PBXNativeTarget "Spongebob McPiratepantsTests" */ = {
			isa = XCConfigurationList;
			buildConfigurations = (
				53909C621955CF7400EA86B2 /* Debug */,
				53909C631955CF7400EA86B2 /* Release */,
			);
			defaultConfigurationIsVisible = 0;
			defaultConfigurationName = Release;
		};
/* End XCConfigurationList section */
	};
	rootObject = 53909C241955CF7300EA86B2 /* Project object */;
}
